// !$*UTF8*$!
{
	archiveVersion = 1;
	classes = {
	};
	objectVersion = 70;
	objects = {

/* Begin PBXBuildFile section */
		18CB8A232FCD7686007F3341 /* FirebaseCore in Frameworks */ = {isa = PBXBuildFile; productRef = 18CB8A222FCD7686007F3341 /* FirebaseCore */; };
		18CB8A252FCD768F007F3341 /* FirebaseMessaging in Frameworks */ = {isa = PBXBuildFile; productRef = 18CB8A242FCD768F007F3341 /* FirebaseMessaging */; };
		AA000001 /* PaylisherTestiOSApp.swift in Sources */ = {isa = PBXBuildFile; fileRef = AA000011 /* PaylisherTestiOSApp.swift */; };
		AA000002 /* ContentView.swift in Sources */ = {isa = PBXBuildFile; fileRef = AA000012 /* ContentView.swift */; };
		AA000003 /* UIDevice+StaticID.swift in Sources */ = {isa = PBXBuildFile; fileRef = AA000013 /* UIDevice+StaticID.swift */; };
		AA000004 /* Assets.xcassets in Resources */ = {isa = PBXBuildFile; fileRef = AA000014 /* Assets.xcassets */; };
		AA000006 /* GoogleService-Info.plist in Resources */ = {isa = PBXBuildFile; fileRef = AA000015 /* GoogleService-Info.plist */; };
		AA000007 /* Localization.swift in Sources */ = {isa = PBXBuildFile; fileRef = AA000017 /* Localization.swift */; };
		AA000008 /* DeepLinkRouter.swift in Sources */ = {isa = PBXBuildFile; fileRef = AA000018 /* DeepLinkRouter.swift */; };
		AA000009 /* DeepLinkTestView.swift in Sources */ = {isa = PBXBuildFile; fileRef = AA000019 /* DeepLinkTestView.swift */; };
		AA00000A /* MainTabView.swift in Sources */ = {isa = PBXBuildFile; fileRef = AA00001A /* MainTabView.swift */; };
		D62A3FF62FD9A48F00BBA324 /* Paylisher in Frameworks */ = {isa = PBXBuildFile; productRef = D62A3FF52FD9A48F00BBA324 /* Paylisher */; };
		D69206D02FDC1A7500414D78 /* PaylisherNSE.appex in Embed Foundation Extensions */ = {isa = PBXBuildFile; fileRef = D69206C92FDC1A7500414D78 /* PaylisherNSE.appex */; settings = {ATTRIBUTES = (RemoveHeadersOnCopy, ); }; };
		D6E646D72FE1624B00BD861D /* Paylisher in Frameworks */ = {isa = PBXBuildFile; productRef = D6E646D62FE1624B00BD861D /* Paylisher */; };
/* End PBXBuildFile section */

/* Begin PBXContainerItemProxy section */
		D69206CE2FDC1A7500414D78 /* PBXContainerItemProxy */ = {
			isa = PBXContainerItemProxy;
			containerPortal = AA000010 /* Project object */;
			proxyType = 1;
			remoteGlobalIDString = D69206C82FDC1A7500414D78;
			remoteInfo = PaylisherNSE;
		};
/* End PBXContainerItemProxy section */

/* Begin PBXCopyFilesBuildPhase section */
		18F897D92FBB509C00D5D457 /* Embed Frameworks */ = {
			isa = PBXCopyFilesBuildPhase;
			buildActionMask = 2147483647;
			dstPath = "";
			dstSubfolderSpec = 10;
			files = (
			);
			name = "Embed Frameworks";
			runOnlyForDeploymentPostprocessing = 0;
		};
		D69206D12FDC1A7500414D78 /* Embed Foundation Extensions */ = {
			isa = PBXCopyFilesBuildPhase;
			buildActionMask = 2147483647;
			dstPath = "";
			dstSubfolderSpec = 13;
			files = (
				D69206D02FDC1A7500414D78 /* PaylisherNSE.appex in Embed Foundation Extensions */,
			);
			name = "Embed Foundation Extensions";
			runOnlyForDeploymentPostprocessing = 0;
		};
/* End PBXCopyFilesBuildPhase section */

/* Begin PBXFileReference section */
		1891C9002F7E87E600571F4F /* PaylisherTestiOS.entitlements */ = {isa = PBXFileReference; lastKnownFileType = text.plist.entitlements; path = PaylisherTestiOS.entitlements; sourceTree = "<group>"; };
		AA000011 /* PaylisherTestiOSApp.swift */ = {isa = PBXFileReference; lastKnownFileType = sourcecode.swift; path = PaylisherTestiOSApp.swift; sourceTree = "<group>"; };
		AA000012 /* ContentView.swift */ = {isa = PBXFileReference; lastKnownFileType = sourcecode.swift; path = ContentView.swift; sourceTree = "<group>"; };
		AA000013 /* UIDevice+StaticID.swift */ = {isa = PBXFileReference; lastKnownFileType = sourcecode.swift; path = "UIDevice+StaticID.swift"; sourceTree = "<group>"; };
		AA000014 /* Assets.xcassets */ = {isa = PBXFileReference; lastKnownFileType = folder.assetcatalog; path = Assets.xcassets; sourceTree = "<group>"; };
		AA000015 /* GoogleService-Info.plist */ = {isa = PBXFileReference; lastKnownFileType = text.plist.xml; path = "GoogleService-Info.plist"; sourceTree = "<group>"; };
		AA000016 /* Info.plist */ = {isa = PBXFileReference; lastKnownFileType = text.plist.xml; path = Info.plist; sourceTree = "<group>"; };
		AA000017 /* Localization.swift */ = {isa = PBXFileReference; lastKnownFileType = sourcecode.swift; path = Localization.swift; sourceTree = "<group>"; };
		AA000018 /* DeepLinkRouter.swift */ = {isa = PBXFileReference; lastKnownFileType = sourcecode.swift; path = DeepLinkRouter.swift; sourceTree = "<group>"; };
		AA000019 /* DeepLinkTestView.swift */ = {isa = PBXFileReference; lastKnownFileType = sourcecode.swift; path = DeepLinkTestView.swift; sourceTree = "<group>"; };
		AA00001A /* MainTabView.swift */ = {isa = PBXFileReference; lastKnownFileType = sourcecode.swift; path = MainTabView.swift; sourceTree = "<group>"; };
		AA000050 /* PaylisherTestiOS.app */ = {isa = PBXFileReference; explicitFileType = wrapper.application; includeInIndex = 0; path = PaylisherTestiOS.app; sourceTree = BUILT_PRODUCTS_DIR; };
		D69206C92FDC1A7500414D78 /* PaylisherNSE.appex */ = {isa = PBXFileReference; explicitFileType = "wrapper.app-extension"; includeInIndex = 0; path = PaylisherNSE.appex; sourceTree = BUILT_PRODUCTS_DIR; };
/* End PBXFileReference section */

/* Begin PBXFileSystemSynchronizedBuildFileExceptionSet section */
		D66671042FDC1F1E000F4F79 /* PBXFileSystemSynchronizedBuildFileExceptionSet */ = {
			isa = PBXFileSystemSynchronizedBuildFileExceptionSet;
			membershipExceptions = (
				Info.plist,
			);
			target = D69206C82FDC1A7500414D78 /* PaylisherNSE */;
		};
/* End PBXFileSystemSynchronizedBuildFileExceptionSet section */

/* Begin PBXFileSystemSynchronizedRootGroup section */
		D69206CA2FDC1A7500414D78 /* PaylisherNSE */ = {isa = PBXFileSystemSynchronizedRootGroup; exceptions = (D66671042FDC1F1E000F4F79 /* PBXFileSystemSynchronizedBuildFileExceptionSet */, ); explicitFileTypes = {}; explicitFolders = (); path = PaylisherNSE; sourceTree = "<group>"; };
/* End PBXFileSystemSynchronizedRootGroup section */

/* Begin PBXFrameworksBuildPhase section */
		AA000070 /* Frameworks */ = {
			isa = PBXFrameworksBuildPhase;
			buildActionMask = 2147483647;
			files = (
				D62A3FF62FD9A48F00BBA324 /* Paylisher in Frameworks */,
				18CB8A252FCD768F007F3341 /* FirebaseMessaging in Frameworks */,
				D6E646D72FE1624B00BD861D /* Paylisher in Frameworks */,
				18CB8A232FCD7686007F3341 /* FirebaseCore in Frameworks */,
			);
			runOnlyForDeploymentPostprocessing = 0;
		};
		D69206C62FDC1A7500414D78 /* Frameworks */ = {
			isa = PBXFrameworksBuildPhase;
			buildActionMask = 2147483647;
			files = (
			);
			runOnlyForDeploymentPostprocessing = 0;
		};
/* End PBXFrameworksBuildPhase section */

/* Begin PBXGroup section */
		18C7FE262F86593F006A91DB /* Frameworks */ = {
			isa = PBXGroup;
			children = (
			);
			name = Frameworks;
			sourceTree = "<group>";
		};
		AA000040 = {
			isa = PBXGroup;
			children = (
				AA000041 /* PaylisherTestiOS */,
				D69206CA2FDC1A7500414D78 /* PaylisherNSE */,
				18C7FE262F86593F006A91DB /* Frameworks */,
				AA000042 /* Products */,
			);
			sourceTree = "<group>";
		};
		AA000041 /* PaylisherTestiOS */ = {
			isa = PBXGroup;
			children = (
				1891C9002F7E87E600571F4F /* PaylisherTestiOS.entitlements */,
				AA000016 /* Info.plist */,
				AA000011 /* PaylisherTestiOSApp.swift */,
				AA000012 /* ContentView.swift */,
				AA000013 /* UIDevice+StaticID.swift */,
				AA000017 /* Localization.swift */,
				AA000018 /* DeepLinkRouter.swift */,
				AA000019 /* DeepLinkTestView.swift */,
				AA00001A /* MainTabView.swift */,
				AA000014 /* Assets.xcassets */,
				AA000015 /* GoogleService-Info.plist */,
			);
			path = PaylisherTestiOS;
			sourceTree = "<group>";
		};
		AA000042 /* Products */ = {
			isa = PBXGroup;
			children = (
				AA000050 /* PaylisherTestiOS.app */,
				D69206C92FDC1A7500414D78 /* PaylisherNSE.appex */,
			);
			name = Products;
			sourceTree = "<group>";
		};
/* End PBXGroup section */

/* Begin PBXNativeTarget section */
		AA000020 /* PaylisherTestiOS */ = {
			isa = PBXNativeTarget;
			buildConfigurationList = AA000061 /* Build configuration list for PBXNativeTarget "PaylisherTestiOS" */;
			buildPhases = (
				AA000071 /* Sources */,
				AA000070 /* Frameworks */,
				AA000072 /* Resources */,
				18F897D92FBB509C00D5D457 /* Embed Frameworks */,
				D69206D12FDC1A7500414D78 /* Embed Foundation Extensions */,
			);
			buildRules = (
			);
			dependencies = (
				D69206CF2FDC1A7500414D78 /* PBXTargetDependency */,
			);
			name = PaylisherTestiOS;
			packageProductDependencies = (
				18CB8A222FCD7686007F3341 /* FirebaseCore */,
				18CB8A242FCD768F007F3341 /* FirebaseMessaging */,
				D62A3FF52FD9A48F00BBA324 /* Paylisher */,
				D6E646D62FE1624B00BD861D /* Paylisher */,
			);
			productName = PaylisherTestiOS;
			productReference = AA000050 /* PaylisherTestiOS.app */;
			productType = "com.apple.product-type.application";
		};
		D69206C82FDC1A7500414D78 /* PaylisherNSE */ = {
			isa = PBXNativeTarget;
			buildConfigurationList = D69206D52FDC1A7500414D78 /* Build configuration list for PBXNativeTarget "PaylisherNSE" */;
			buildPhases = (
				D69206C52FDC1A7500414D78 /* Sources */,
				D69206C62FDC1A7500414D78 /* Frameworks */,
				D69206C72FDC1A7500414D78 /* Resources */,
			);
			buildRules = (
			);
			dependencies = (
			);
			fileSystemSynchronizedGroups = (
				D69206CA2FDC1A7500414D78 /* PaylisherNSE */,
			);
			name = PaylisherNSE;
			packageProductDependencies = (
			);
			productName = PaylisherNSE;
			productReference = D69206C92FDC1A7500414D78 /* PaylisherNSE.appex */;
			productType = "com.apple.product-type.app-extension";
		};
/* End PBXNativeTarget section */

/* Begin PBXProject section */
		AA000010 /* Project object */ = {
			isa = PBXProject;
			attributes = {
				BuildIndependentTargetsInParallel = 1;
				LastSwiftUpdateCheck = 2630;
				LastUpgradeCheck = 1500;
				TargetAttributes = {
					AA000020 = {
						CreatedOnToolsVersion = 15.0;
					};
					D69206C82FDC1A7500414D78 = {
						CreatedOnToolsVersion = 26.3;
					};
				};
			};
			buildConfigurationList = AA000060 /* Build configuration list for PBXProject "PaylisherTestiOS" */;
			compatibilityVersion = "Xcode 14.0";
			developmentRegion = en;
			hasScannedForEncodings = 0;
			knownRegions = (
				en,
				Base,
			);
			mainGroup = AA000040;
			packageReferences = (
				18CB8A1D2FCD7337007F3341 /* XCRemoteSwiftPackageReference "firebase-ios-sdk" */,
				D6E646D52FE1624B00BD861D /* XCRemoteSwiftPackageReference "PAYLISHER-SDK-IOS" */,
			);
			productRefGroup = AA000042 /* Products */;
			projectDirPath = "";
			projectRoot = "";
			targets = (
				AA000020 /* PaylisherTestiOS */,
				D69206C82FDC1A7500414D78 /* PaylisherNSE */,
			);
		};
/* End PBXProject section */

/* Begin PBXResourcesBuildPhase section */
		AA000072 /* Resources */ = {
			isa = PBXResourcesBuildPhase;
			buildActionMask = 2147483647;
			files = (
				AA000004 /* Assets.xcassets in Resources */,
				AA000006 /* GoogleService-Info.plist in Resources */,
			);
			runOnlyForDeploymentPostprocessing = 0;
		};
		D69206C72FDC1A7500414D78 /* Resources */ = {
			isa = PBXResourcesBuildPhase;
			buildActionMask = 2147483647;
			files = (
			);
			runOnlyForDeploymentPostprocessing = 0;
		};
/* End PBXResourcesBuildPhase section */

/* Begin PBXSourcesBuildPhase section */
		AA000071 /* Sources */ = {
			isa = PBXSourcesBuildPhase;
			buildActionMask = 2147483647;
			files = (
				AA000001 /* PaylisherTestiOSApp.swift in Sources */,
				AA000002 /* ContentView.swift in Sources */,
				AA000003 /* UIDevice+StaticID.swift in Sources */,
				AA000007 /* Localization.swift in Sources */,
				AA000008 /* DeepLinkRouter.swift in Sources */,
				AA000009 /* DeepLinkTestView.swift in Sources */,
				AA00000A /* MainTabView.swift in Sources */,
			);
			runOnlyForDeploymentPostprocessing = 0;
		};
		D69206C52FDC1A7500414D78 /* Sources */ = {
			isa = PBXSourcesBuildPhase;
			buildActionMask = 2147483647;
			files = (
			);
			runOnlyForDeploymentPostprocessing = 0;
		};
/* End PBXSourcesBuildPhase section */

/* Begin PBXTargetDependency section */
		D69206CF2FDC1A7500414D78 /* PBXTargetDependency */ = {
			isa = PBXTargetDependency;
			target = D69206C82FDC1A7500414D78 /* PaylisherNSE */;
			targetProxy = D69206CE2FDC1A7500414D78 /* PBXContainerItemProxy */;
		};
/* End PBXTargetDependency section */

/* Begin XCBuildConfiguration section */
		AA000062 /* Debug */ = {
			isa = XCBuildConfiguration;
			buildSettings = {
				ALWAYS_SEARCH_USER_PATHS = NO;
				CLANG_ANALYZER_NONNULL = YES;
				CLANG_ENABLE_MODULES = YES;
				CLANG_ENABLE_OBJC_ARC = YES;
				CLANG_WARN_BLOCK_CAPTURE_AUTORELEASING = YES;
				CLANG_WARN_BOOL_CONVERSION = YES;
				CLANG_WARN_COMMA = YES;
				CLANG_WARN_CONSTANT_CONVERSION = YES;
				CLANG_WARN_DEPRECATED_OBJC_IMPLEMENTATIONS = YES;
				CLANG_WARN_DIRECT_OBJC_ISA_USAGE = YES_ERROR;
				CLANG_WARN_EMPTY_BODY = YES;
				CLANG_WARN_ENUM_CONVERSION = YES;
				CLANG_WARN_INFINITE_RECURSION = YES;
				CLANG_WARN_INT_CONVERSION = YES;
				CLANG_WARN_NON_LITERAL_NULL_CONVERSION = YES;
				CLANG_WARN_OBJC_IMPLICIT_RETAIN_SELF = YES;
				CLANG_WARN_OBJC_LITERAL_CONVERSION = YES;
				CLANG_WARN_OBJC_ROOT_CLASS = YES_ERROR;
				CLANG_WARN_RANGE_LOOP_ANALYSIS = YES;
				CLANG_WARN_STRICT_PROTOTYPES = YES;
				CLANG_WARN_SUSPICIOUS_MOVE = YES;
				CLANG_WARN_UNGUARDED_AVAILABILITY = YES_AGGRESSIVE;
				CLANG_WARN_UNREACHABLE_CODE = YES;
				CLANG_WARN__DUPLICATE_METHOD_MATCH = YES;
				COPY_PHASE_STRIP = NO;
				DEBUG_INFORMATION_FORMAT = dwarf;
				ENABLE_STRICT_OBJC_MSGSEND = YES;
				ENABLE_TESTABILITY = YES;
				GCC_C_LANGUAGE_STANDARD = gnu17;
				GCC_DYNAMIC_NO_PIC = NO;
				GCC_NO_COMMON_BLOCKS = YES;
				GCC_OPTIMIZATION_LEVEL = 0;
				GCC_PREPROCESSOR_DEFINITIONS = (
					"DEBUG=1",
					"$(inherited)",
				);
				GCC_WARN_64_TO_32_BIT_CONVERSION = YES;
				GCC_WARN_ABOUT_RETURN_TYPE = YES_ERROR;
				GCC_WARN_UNDECLARED_SELECTOR = YES;
				GCC_WARN_UNINITIALIZED_AUTOS = YES_AGGRESSIVE;
				GCC_WARN_UNUSED_FUNCTION = YES;
				GCC_WARN_UNUSED_VARIABLE = YES;
				IPHONEOS_DEPLOYMENT_TARGET = 16.0;
				MTL_ENABLE_DEBUG_INFO = INCLUDE_SOURCE;
				MTL_FAST_MATH = YES;
				ONLY_ACTIVE_ARCH = YES;
				SDKROOT = iphoneos;
				SWIFT_ACTIVE_COMPILATION_CONDITIONS = DEBUG;
				SWIFT_OPTIMIZATION_LEVEL = "-Onone";
			};
			name = Debug;
		};
		AA000063 /* Release */ = {
			isa = XCBuildConfiguration;
			buildSettings = {
				ALWAYS_SEARCH_USER_PATHS = NO;
				CLANG_ANALYZER_NONNULL = YES;
				CLANG_ENABLE_MODULES = YES;
				CLANG_ENABLE_OBJC_ARC = YES;
				CLANG_WARN_BLOCK_CAPTURE_AUTORELEASING = YES;
				CLANG_WARN_BOOL_CONVERSION = YES;
				CLANG_WARN_COMMA = YES;
				CLANG_WARN_CONSTANT_CONVERSION = YES;
				CLANG_WARN_DEPRECATED_OBJC_IMPLEMENTATIONS = YES;
				CLANG_WARN_DIRECT_OBJC_ISA_USAGE = YES_ERROR;
				CLANG_WARN_EMPTY_BODY = YES;
				CLANG_WARN_ENUM_CONVERSION = YES;
				CLANG_WARN_INFINITE_RECURSION = YES;
				CLANG_WARN_INT_CONVERSION = YES;
				CLANG_WARN_NON_LITERAL_NULL_CONVERSION = YES;
				CLANG_WARN_OBJC_IMPLICIT_RETAIN_SELF = YES;
				CLANG_WARN_OBJC_LITERAL_CONVERSION = YES;
				CLANG_WARN_OBJC_ROOT_CLASS = YES_ERROR;
				CLANG_WARN_RANGE_LOOP_ANALYSIS = YES;
				CLANG_WARN_STRICT_PROTOTYPES = YES;
				CLANG_WARN_SUSPICIOUS_MOVE = YES;
				CLANG_WARN_UNGUARDED_AVAILABILITY = YES_AGGRESSIVE;
				CLANG_WARN_UNREACHABLE_CODE = YES;
				CLANG_WARN__DUPLICATE_METHOD_MATCH = YES;
				COPY_PHASE_STRIP = NO;
				DEBUG_INFORMATION_FORMAT = "dwarf-with-dsym";
				ENABLE_NS_ASSERTIONS = NO;
				ENABLE_STRICT_OBJC_MSGSEND = YES;
				GCC_C_LANGUAGE_STANDARD = gnu17;
				GCC_NO_COMMON_BLOCKS = YES;
				GCC_WARN_64_TO_32_BIT_CONVERSION = YES;
				GCC_WARN_ABOUT_RETURN_TYPE = YES_ERROR;
				GCC_WARN_UNDECLARED_SELECTOR = YES;
				GCC_WARN_UNINITIALIZED_AUTOS = YES_AGGRESSIVE;
				GCC_WARN_UNUSED_FUNCTION = YES;
				GCC_WARN_UNUSED_VARIABLE = YES;
				IPHONEOS_DEPLOYMENT_TARGET = 16.0;
				MTL_FAST_MATH = YES;
				SDKROOT = iphoneos;
				SWIFT_COMPILATION_MODE = wholemodule;
				SWIFT_OPTIMIZATION_LEVEL = "-O";
				VALIDATE_PRODUCT = YES;
			};
			name = Release;
		};
		AA000064 /* Debug */ = {
			isa = XCBuildConfiguration;
			buildSettings = {
				ASSETCATALOG_COMPILER_APPICON_NAME = AppIcon;
				ASSETCATALOG_COMPILER_GLOBAL_ACCENT_COLOR_NAME = AccentColor;
				CODE_SIGN_ENTITLEMENTS = PaylisherTestiOS/PaylisherTestiOS.entitlements;
				CODE_SIGN_STYLE = Automatic;
				CURRENT_PROJECT_VERSION = 1;
				DEVELOPMENT_TEAM = XK757HMDY9;
				GENERATE_INFOPLIST_FILE = NO;
				INFOPLIST_FILE = PaylisherTestiOS/Info.plist;
				IPHONEOS_DEPLOYMENT_TARGET = 13.0;
				LD_RUNPATH_SEARCH_PATHS = (
					"$(inherited)",
					"@executable_path/Frameworks",
				);
				MARKETING_VERSION = 1.3;
				PRODUCT_BUNDLE_IDENTIFIER = com.paylisher.testios;
				PRODUCT_NAME = "$(TARGET_NAME)";
				SUPPORTED_PLATFORMS = "iphoneos iphonesimulator";
				SUPPORTS_MACCATALYST = NO;
				SUPPORTS_MAC_DESIGNED_FOR_IPHONE_IPAD = NO;
				SUPPORTS_XR_DESIGNED_FOR_IPHONE_IPAD = NO;
				SWIFT_EMIT_LOC_STRINGS = YES;
				SWIFT_VERSION = 5.0;
				TARGETED_DEVICE_FAMILY = 1;
			};
			name = Debug;
		};
		AA000065 /* Release */ = {
			isa = XCBuildConfiguration;
			buildSettings = {
				ASSETCATALOG_COMPILER_APPICON_NAME = AppIcon;
				ASSETCATALOG_COMPILER_GLOBAL_ACCENT_COLOR_NAME = AccentColor;
				CODE_SIGN_ENTITLEMENTS = PaylisherTestiOS/PaylisherTestiOS.entitlements;
				CODE_SIGN_STYLE = Automatic;
				CURRENT_PROJECT_VERSION = 1;
				DEVELOPMENT_TEAM = XK757HMDY9;
				GENERATE_INFOPLIST_FILE = NO;
				INFOPLIST_FILE = PaylisherTestiOS/Info.plist;
				IPHONEOS_DEPLOYMENT_TARGET = 13.0;
				LD_RUNPATH_SEARCH_PATHS = (
					"$(inherited)",
					"@executable_path/Frameworks",
				);
				MARKETING_VERSION = 1.3;
				PRODUCT_BUNDLE_IDENTIFIER = com.paylisher.testios;
				PRODUCT_NAME = "$(TARGET_NAME)";
				SUPPORTED_PLATFORMS = "iphoneos iphonesimulator";
				SUPPORTS_MACCATALYST = NO;
				SUPPORTS_MAC_DESIGNED_FOR_IPHONE_IPAD = NO;
				SUPPORTS_XR_DESIGNED_FOR_IPHONE_IPAD = NO;
				SWIFT_EMIT_LOC_STRINGS = YES;
				SWIFT_VERSION = 5.0;
				TARGETED_DEVICE_FAMILY = 1;
			};
			name = Release;
		};
		D69206D22FDC1A7500414D78 /* Debug */ = {
			isa = XCBuildConfiguration;
			buildSettings = {
				ASSETCATALOG_COMPILER_GENERATE_SWIFT_ASSET_SYMBOL_EXTENSIONS = YES;
				CLANG_ANALYZER_NUMBER_OBJECT_CONVERSION = YES_AGGRESSIVE;
				CLANG_CXX_LANGUAGE_STANDARD = "gnu++20";
				CLANG_ENABLE_OBJC_WEAK = YES;
				CLANG_WARN_DOCUMENTATION_COMMENTS = YES;
				CLANG_WARN_QUOTED_INCLUDE_IN_FRAMEWORK_HEADER = YES;
				CODE_SIGN_STYLE = Automatic;
				CURRENT_PROJECT_VERSION = 1;
				DEVELOPMENT_TEAM = XK757HMDY9;
				ENABLE_USER_SCRIPT_SANDBOXING = YES;
				GENERATE_INFOPLIST_FILE = YES;
				INFOPLIST_FILE = PaylisherNSE/Info.plist;
				INFOPLIST_KEY_CFBundleDisplayName = PaylisherNSE;
				INFOPLIST_KEY_NSHumanReadableCopyright = "";
				IPHONEOS_DEPLOYMENT_TARGET = 13.0;
				LD_RUNPATH_SEARCH_PATHS = (
					"$(inherited)",
					"@executable_path/Frameworks",
					"@executable_path/../../Frameworks",
				);
				LOCALIZATION_PREFERS_STRING_CATALOGS = YES;
				MARKETING_VERSION = 1.3;
				PRODUCT_BUNDLE_IDENTIFIER = com.paylisher.testios.PaylisherNSE;
				PRODUCT_NAME = "$(TARGET_NAME)";
				SKIP_INSTALL = YES;
				STRING_CATALOG_GENERATE_SYMBOLS = YES;
				SUPPORTED_PLATFORMS = "iphoneos iphonesimulator";
				SUPPORTS_MACCATALYST = NO;
				SUPPORTS_MAC_DESIGNED_FOR_IPHONE_IPAD = NO;
				SUPPORTS_XR_DESIGNED_FOR_IPHONE_IPAD = NO;
				SWIFT_ACTIVE_COMPILATION_CONDITIONS = "DEBUG $(inherited)";
				SWIFT_APPROACHABLE_CONCURRENCY = YES;
				SWIFT_EMIT_LOC_STRINGS = YES;
				SWIFT_UPCOMING_FEATURE_MEMBER_IMPORT_VISIBILITY = YES;
				SWIFT_VERSION = 5.0;
				TARGETED_DEVICE_FAMILY = 1;
			};
			name = Debug;
		};
		D69206D32FDC1A7500414D78 /* Release */ = {
			isa = XCBuildConfiguration;
			buildSettings = {
				ASSETCATALOG_COMPILER_GENERATE_SWIFT_ASSET_SYMBOL_EXTENSIONS = YES;
				CLANG_ANALYZER_NUMBER_OBJECT_CONVERSION = YES_AGGRESSIVE;
				CLANG_CXX_LANGUAGE_STANDARD = "gnu++20";
				CLANG_ENABLE_OBJC_WEAK = YES;
				CLANG_WARN_DOCUMENTATION_COMMENTS = YES;
				CLANG_WARN_QUOTED_INCLUDE_IN_FRAMEWORK_HEADER = YES;
				CODE_SIGN_STYLE = Automatic;
				CURRENT_PROJECT_VERSION = 1;
				DEVELOPMENT_TEAM = XK757HMDY9;
				ENABLE_USER_SCRIPT_SANDBOXING = YES;
				GENERATE_INFOPLIST_FILE = YES;
				INFOPLIST_FILE = PaylisherNSE/Info.plist;
				INFOPLIST_KEY_CFBundleDisplayName = PaylisherNSE;
				INFOPLIST_KEY_NSHumanReadableCopyright = "";
				IPHONEOS_DEPLOYMENT_TARGET = 13.0;
				LD_RUNPATH_SEARCH_PATHS = (
					"$(inherited)",
					"@executable_path/Frameworks",
					"@executable_path/../../Frameworks",
				);
				LOCALIZATION_PREFERS_STRING_CATALOGS = YES;
				MARKETING_VERSION = 1.3;
				MTL_ENABLE_DEBUG_INFO = NO;
				PRODUCT_BUNDLE_IDENTIFIER = com.paylisher.testios.PaylisherNSE;
				PRODUCT_NAME = "$(TARGET_NAME)";
				SKIP_INSTALL = YES;
				STRING_CATALOG_GENERATE_SYMBOLS = YES;
				SUPPORTED_PLATFORMS = "iphoneos iphonesimulator";
				SUPPORTS_MACCATALYST = NO;
				SUPPORTS_MAC_DESIGNED_FOR_IPHONE_IPAD = NO;
				SUPPORTS_XR_DESIGNED_FOR_IPHONE_IPAD = NO;
				SWIFT_APPROACHABLE_CONCURRENCY = YES;
				SWIFT_EMIT_LOC_STRINGS = YES;
				SWIFT_UPCOMING_FEATURE_MEMBER_IMPORT_VISIBILITY = YES;
				SWIFT_VERSION = 5.0;
				TARGETED_DEVICE_FAMILY = 1;
			};
			name = Release;
		};
/* End XCBuildConfiguration section */

/* Begin XCConfigurationList section */
		AA000060 /* Build configuration list for PBXProject "PaylisherTestiOS" */ = {
			isa = XCConfigurationList;
			buildConfigurations = (
				AA000062 /* Debug */,
				AA000063 /* Release */,
			);
			defaultConfigurationIsVisible = 0;
			defaultConfigurationName = Release;
		};
		AA000061 /* Build configuration list for PBXNativeTarget "PaylisherTestiOS" */ = {
			isa = XCConfigurationList;
			buildConfigurations = (
				AA000064 /* Debug */,
				AA000065 /* Release */,
			);
			defaultConfigurationIsVisible = 0;
			defaultConfigurationName = Release;
		};
		D69206D52FDC1A7500414D78 /* Build configuration list for PBXNativeTarget "PaylisherNSE" */ = {
			isa = XCConfigurationList;
			buildConfigurations = (
				D69206D22FDC1A7500414D78 /* Debug */,
				D69206D32FDC1A7500414D78 /* Release */,
			);
			defaultConfigurationIsVisible = 0;
			defaultConfigurationName = Release;
		};
/* End XCConfigurationList section */

/* Begin XCRemoteSwiftPackageReference section */
		18CB8A1D2FCD7337007F3341 /* XCRemoteSwiftPackageReference "firebase-ios-sdk" */ = {
			isa = XCRemoteSwiftPackageReference;
			repositoryURL = "https://github.com/firebase/firebase-ios-sdk";
			requirement = {
				kind = upToNextMajorVersion;
				minimumVersion = 12.14.0;
			};
		};
		D6E646D52FE1624B00BD861D /* XCRemoteSwiftPackageReference "PAYLISHER-SDK-IOS" */ = {
			isa = XCRemoteSwiftPackageReference;
			repositoryURL = "https://github.com/paylisher/PAYLISHER-SDK-IOS";
			requirement = {
				branch = "version-1.8.7";
				kind = branch;
			};
		};
/* End XCRemoteSwiftPackageReference section */

/* Begin XCSwiftPackageProductDependency section */
		18CB8A222FCD7686007F3341 /* FirebaseCore */ = {
			isa = XCSwiftPackageProductDependency;
			package = 18CB8A1D2FCD7337007F3341 /* XCRemoteSwiftPackageReference "firebase-ios-sdk" */;
			productName = FirebaseCore;
		};
		18CB8A242FCD768F007F3341 /* FirebaseMessaging */ = {
			isa = XCSwiftPackageProductDependency;
			package = 18CB8A1D2FCD7337007F3341 /* XCRemoteSwiftPackageReference "firebase-ios-sdk" */;
			productName = FirebaseMessaging;
		};
		D62A3FF52FD9A48F00BBA324 /* Paylisher */ = {
			isa = XCSwiftPackageProductDependency;
			productName = Paylisher;
		};
		D6E646D62FE1624B00BD861D /* Paylisher */ = {
			isa = XCSwiftPackageProductDependency;
			package = D6E646D52FE1624B00BD861D /* XCRemoteSwiftPackageReference "PAYLISHER-SDK-IOS" */;
			productName = Paylisher;
		};
/* End XCSwiftPackageProductDependency section */
	};
	rootObject = AA000010 /* Project object */;
}
